
Microsoft Visual Studio Solution File, Format Version 12.00
# Visual Studio 14
VisualStudioVersion = 14.0.23107.0
MinimumVisualStudioVersion = 10.0.40219.1
Project("{FAE04EC0-301F-11D3-BF4B-00C04F79EFBC}") = "DbConnectionFactory.Core", "src\DbConnectionFactory.Core\DbConnectionFactory.Core.csproj", "{640E8454-9CBA-40FE-823E-6ADDE44C6C3A}"
EndProject
Project("{FAE04EC0-301F-11D3-BF4B-00C04F79EFBC}") = "DbConnectionFactory.SqlServer", "src\DbConnectionFactory.SqlServer\DbConnectionFactory.SqlServer.csproj", "{D31522CB-E552-4F31-A1EC-EF985BA39908}"
EndProject
Project("{FAE04EC0-301F-11D3-BF4B-00C04F79EFBC}") = "DbConnectionFactory.Dapper", "src\DbConnectionFactory.Dapper\DbConnectionFactory.Dapper.csproj", "{D3CDCD4B-A334-4D6D-ACBA-A08CDEE2CD8F}"
EndProject
Global
	GlobalSection(SolutionConfigurationPlatforms) = preSolution
		Debug|Any CPU = Debug|Any CPU
		Release|Any CPU = Release|Any CPU
	EndGlobalSection
	GlobalSection(ProjectConfigurationPlatforms) = postSolution
		{640E8454-9CBA-40FE-823E-6ADDE44C6C3A}.Debug|Any CPU.ActiveCfg = Debug|Any CPU
		{640E8454-9CBA-40FE-823E-6ADDE44C6C3A}.Debug|Any CPU.Build.0 = Debug|Any CPU
		{640E8454-9CBA-40FE-823E-6ADDE44C6C3A}.Release|Any CPU.ActiveCfg = Release|Any CPU
		{640E8454-9CBA-40FE-823E-6ADDE44C6C3A}.Release|Any CPU.Build.0 = Release|Any CPU
		{D31522CB-E552-4F31-A1EC-EF985BA39908}.Debug|Any CPU.ActiveCfg = Debug|Any CPU
		{D31522CB-E552-4F31-A1EC-EF985BA39908}.Debug|Any CPU.Build.0 = Debug|Any CPU
		{D31522CB-E552-4F31-A1EC-EF985BA39908}.Release|Any CPU.ActiveCfg = Release|Any CPU
		{D31522CB-E552-4F31-A1EC-EF985BA39908}.Release|Any CPU.Build.0 = Release|Any CPU
		{D3CDCD4B-A334-4D6D-ACBA-A08CDEE2CD8F}.Debug|Any CPU.ActiveCfg = Debug|Any CPU
		{D3CDCD4B-A334-4D6D-ACBA-A08CDEE2CD8F}.Debug|Any CPU.Build.0 = Debug|Any CPU
		{D3CDCD4B-A334-4D6D-ACBA-A08CDEE2CD8F}.Release|Any CPU.ActiveCfg = Release|Any CPU
		{D3CDCD4B-A334-4D6D-ACBA-A08CDEE2CD8F}.Release|Any CPU.Build.0 = Release|Any CPU
	EndGlobalSection
	GlobalSection(SolutionProperties) = preSolution
		HideSolutionNode = FALSE
	EndGlobalSection
EndGlobal
